
Microsoft Visual Studio Solution File, Format Version 12.00
# Visual Studio Version 17
VisualStudioVersion = 17.11.35312.102
MinimumVisualStudioVersion = 10.0.40219.1
Project("{FAE04EC0-301F-11D3-BF4B-00C04F79EFBC}") = "examenV1Semptembre", "examenV1Semptembre\examenV1Semptembre.csproj", "{1621C044-E211-4B0E-8BE8-C0A7507DE8EF}"
EndProject
Global
	GlobalSection(SolutionConfigurationPlatforms) = preSolution
		Debug|Any CPU = Debug|Any CPU
		Release|Any CPU = Release|Any CPU
	EndGlobalSection
	GlobalSection(ProjectConfigurationPlatforms) = postSolution
		{1621C044-E211-4B0E-8BE8-C0A7507DE8EF}.Debug|Any CPU.ActiveCfg = Debug|Any CPU
		{1621C044-E211-4B0E-8BE8-C0A7507DE8EF}.Debug|Any CPU.Build.0 = Debug|Any CPU
		{1621C044-E211-4B0E-8BE8-C0A7507DE8EF}.Release|Any CPU.ActiveCfg = Release|Any CPU
		{1621C044-E211-4B0E-8BE8-C0A7507DE8EF}.Release|Any CPU.Build.0 = Release|Any CPU
	EndGlobalSection
	GlobalSection(SolutionProperties) = preSolution
		HideSolutionNode = FALSE
	EndGlobalSection
	GlobalSection(ExtensibilityGlobals) = postSolution
		SolutionGuid = {C969C5B5-2C54-4801-8337-39E56EDF82B6}
	EndGlobalSection
EndGlobal
